// !$*UTF8*$!
{
	archiveVersion = 1;
	classes = {
	};
	objectVersion = 50;
	objects = {

/* Begin PBXBuildFile section */
		11CBC2DE24A7ED63007CC5E3 /* Alamofire.framework in Frameworks */ = {isa = PBXBuildFile; fileRef = 11CBC2DD24A7ED63007CC5E3 /* Alamofire.framework */; };
		11CBC2DF24A7ED63007CC5E3 /* Alamofire.framework in Embed Frameworks */ = {isa = PBXBuildFile; fileRef = 11CBC2DD24A7ED63007CC5E3 /* Alamofire.framework */; settings = {ATTRIBUTES = (CodeSignOnCopy, RemoveHeadersOnCopy, ); }; };
		11CBC2E224A7ED71007CC5E3 /* Starscream.framework in Frameworks */ = {isa = PBXBuildFile; fileRef = 11CBC2E124A7ED71007CC5E3 /* Starscream.framework */; };
		11CBC2E324A7ED71007CC5E3 /* Starscream.framework in Embed Frameworks */ = {isa = PBXBuildFile; fileRef = 11CBC2E124A7ED71007CC5E3 /* Starscream.framework */; settings = {ATTRIBUTES = (CodeSignOnCopy, RemoveHeadersOnCopy, ); }; };
		11CBC2E524A81B15007CC5E3 /* CountDownViewController.swift in Sources */ = {isa = PBXBuildFile; fileRef = 11CBC2E424A81B15007CC5E3 /* CountDownViewController.swift */; };
		11CDD90524A6DF4D006EDEBB /* AppDelegate.swift in Sources */ = {isa = PBXBuildFile; fileRef = 11CDD90424A6DF4D006EDEBB /* AppDelegate.swift */; };
		11CDD90724A6DF4D006EDEBB /* SceneDelegate.swift in Sources */ = {isa = PBXBuildFile; fileRef = 11CDD90624A6DF4D006EDEBB /* SceneDelegate.swift */; };
		11CDD90924A6DF4D006EDEBB /* ViewController.swift in Sources */ = {isa = PBXBuildFile; fileRef = 11CDD90824A6DF4D006EDEBB /* ViewController.swift */; };
		11CDD90E24A6DF4E006EDEBB /* Assets.xcassets in Resources */ = {isa = PBXBuildFile; fileRef = 11CDD90D24A6DF4E006EDEBB /* Assets.xcassets */; };
		11CDD91124A6DF4E006EDEBB /* LaunchScreen.storyboard in Resources */ = {isa = PBXBuildFile; fileRef = 11CDD90F24A6DF4E006EDEBB /* LaunchScreen.storyboard */; };
		11CDD91A24A6E43C006EDEBB /* SDWebImage.framework in Frameworks */ = {isa = PBXBuildFile; fileRef = 11CDD91924A6E43C006EDEBB /* SDWebImage.framework */; };
		11CDD91C24A6E44A006EDEBB /* SDWebImageMapKit.framework in Frameworks */ = {isa = PBXBuildFile; fileRef = 11CDD91B24A6E44A006EDEBB /* SDWebImageMapKit.framework */; };
		DAC7631324A6F3FF004F8D3C /* MainTabViewController.swift in Sources */ = {isa = PBXBuildFile; fileRef = DAC7631224A6F3FF004F8D3C /* MainTabViewController.swift */; };
		DAC7631524A6F56C004F8D3C /* HomeViewController.swift in Sources */ = {isa = PBXBuildFile; fileRef = DAC7631424A6F56C004F8D3C /* HomeViewController.swift */; };
		DAC7631824A6F692004F8D3C /* Extentions.swift in Sources */ = {isa = PBXBuildFile; fileRef = DAC7631724A6F692004F8D3C /* Extentions.swift */; };
		DAC7631A24A6FC72004F8D3C /* Main.Storyboard in Resources */ = {isa = PBXBuildFile; fileRef = DAC7631924A6FC72004F8D3C /* Main.Storyboard */; };
		FB7740AF2DCDF70301F65704 /* User.swift in Sources */ = {isa = PBXBuildFile; fileRef = FB774793248D8F273E09CD26 /* User.swift */; };
		FB774309490C1A4477787151 /* ReviewViewController.swift in Sources */ = {isa = PBXBuildFile; fileRef = FB774C779F062BFBAB840999 /* ReviewViewController.swift */; };
		FB7743F1ADFD7984F6CA8E23 /* EndPointType.swift in Sources */ = {isa = PBXBuildFile; fileRef = FB77420B31A720F0CC551176 /* EndPointType.swift */; };
		FB7745CBF014D01AA2F81C0B /* EditProfileFooter.swift in Sources */ = {isa = PBXBuildFile; fileRef = FB77489F8AA7C42F94606762 /* EditProfileFooter.swift */; };
		FB7746471D2934E221B375CB /* TimeupViewController.swift in Sources */ = {isa = PBXBuildFile; fileRef = FB774D9E6FBAB01626681FFC /* TimeupViewController.swift */; };
		FB77465CD425B63CE21AE76B /* LoadingViewController.swift in Sources */ = {isa = PBXBuildFile; fileRef = FB7740C02065F1293C6CE59F /* LoadingViewController.swift */; };
		FB77468667307093BDF527AB /* ResultViewController.swift in Sources */ = {isa = PBXBuildFile; fileRef = FB77494104FD2C1D1C000675 /* ResultViewController.swift */; };
		FB774773110DD04C8AC01DA9 /* WaitingViewController2.swift in Sources */ = {isa = PBXBuildFile; fileRef = FB77419C9055D1B33D334E1B /* WaitingViewController2.swift */; };
		FB7748695FEC87D307834CBA /* EditProfileViewModel.swift in Sources */ = {isa = PBXBuildFile; fileRef = FB774862755D9EE2C052F431 /* EditProfileViewModel.swift */; };
		FB774953E1F52D578D2D3B25 /* MatchingViewController.swift in Sources */ = {isa = PBXBuildFile; fileRef = FB774044BE5711D4E62E92BB /* MatchingViewController.swift */; };
		FB7749EA6F0E583BDA7C02DD /* EdtiProfileController.swift in Sources */ = {isa = PBXBuildFile; fileRef = FB77495F3BFE6A9552BEAA38 /* EdtiProfileController.swift */; };
		FB774AFA2D0BAC259588A638 /* InputTextView.swift in Sources */ = {isa = PBXBuildFile; fileRef = FB774DC38896D6CC820369A4 /* InputTextView.swift */; };
		FB774C04F34DB6AED996153A /* EditProfileHeader.swift in Sources */ = {isa = PBXBuildFile; fileRef = FB7743974F92A24732FF46E2 /* EditProfileHeader.swift */; };
		FB774CA579CBB76429E87B4C /* EditProfileCell.swift in Sources */ = {isa = PBXBuildFile; fileRef = FB774963DAA2FCFE41636803 /* EditProfileCell.swift */; };
		FB774CACA99DED87E92658B3 /* APIClient.swift in Sources */ = {isa = PBXBuildFile; fileRef = FB774455DDD111C30A2FED11 /* APIClient.swift */; };
		FB774CB007E3C789401A67F6 /* WaitingViewController.swift in Sources */ = {isa = PBXBuildFile; fileRef = FB7742E198A44437FAD5BE85 /* WaitingViewController.swift */; };
		FB774D1BE3DEB5F2ACCB8512 /* MyPageViewController.swift in Sources */ = {isa = PBXBuildFile; fileRef = FB77449795378FC4D03F824C /* MyPageViewController.swift */; };
/* End PBXBuildFile section */

/* Begin PBXCopyFilesBuildPhase section */
		11CBC2E024A7ED63007CC5E3 /* Embed Frameworks */ = {
			isa = PBXCopyFilesBuildPhase;
			buildActionMask = 2147483647;
			dstPath = "";
			dstSubfolderSpec = 10;
			files = (
				11CBC2DF24A7ED63007CC5E3 /* Alamofire.framework in Embed Frameworks */,
				11CBC2E324A7ED71007CC5E3 /* Starscream.framework in Embed Frameworks */,
			);
			name = "Embed Frameworks";
			runOnlyForDeploymentPostprocessing = 0;
		};
/* End PBXCopyFilesBuildPhase section */

/* Begin PBXFileReference section */
		11CBC2DD24A7ED63007CC5E3 /* Alamofire.framework */ = {isa = PBXFileReference; lastKnownFileType = wrapper.framework; name = Alamofire.framework; path = Carthage/Build/iOS/Alamofire.framework; sourceTree = "<group>"; };
		11CBC2E124A7ED71007CC5E3 /* Starscream.framework */ = {isa = PBXFileReference; lastKnownFileType = wrapper.framework; name = Starscream.framework; path = Carthage/Build/iOS/Starscream.framework; sourceTree = "<group>"; };
		11CBC2E424A81B15007CC5E3 /* CountDownViewController.swift */ = {isa = PBXFileReference; lastKnownFileType = sourcecode.swift; path = CountDownViewController.swift; sourceTree = "<group>"; };
		11CDD90124A6DF4D006EDEBB /* hackathon_2020_b_ios.app */ = {isa = PBXFileReference; explicitFileType = wrapper.application; includeInIndex = 0; path = hackathon_2020_b_ios.app; sourceTree = BUILT_PRODUCTS_DIR; };
		11CDD90424A6DF4D006EDEBB /* AppDelegate.swift */ = {isa = PBXFileReference; lastKnownFileType = sourcecode.swift; path = AppDelegate.swift; sourceTree = "<group>"; };
		11CDD90624A6DF4D006EDEBB /* SceneDelegate.swift */ = {isa = PBXFileReference; lastKnownFileType = sourcecode.swift; path = SceneDelegate.swift; sourceTree = "<group>"; };
		11CDD90824A6DF4D006EDEBB /* ViewController.swift */ = {isa = PBXFileReference; lastKnownFileType = sourcecode.swift; path = ViewController.swift; sourceTree = "<group>"; };
		11CDD90D24A6DF4E006EDEBB /* Assets.xcassets */ = {isa = PBXFileReference; lastKnownFileType = folder.assetcatalog; path = Assets.xcassets; sourceTree = "<group>"; };
		11CDD91024A6DF4E006EDEBB /* Base */ = {isa = PBXFileReference; lastKnownFileType = file.storyboard; name = Base; path = Base.lproj/LaunchScreen.storyboard; sourceTree = "<group>"; };
		11CDD91224A6DF4E006EDEBB /* Info.plist */ = {isa = PBXFileReference; lastKnownFileType = text.plist.xml; path = Info.plist; sourceTree = "<group>"; };
		11CDD91924A6E43C006EDEBB /* SDWebImage.framework */ = {isa = PBXFileReference; lastKnownFileType = wrapper.framework; name = SDWebImage.framework; path = Carthage/Build/iOS/SDWebImage.framework; sourceTree = "<group>"; };
		11CDD91B24A6E44A006EDEBB /* SDWebImageMapKit.framework */ = {isa = PBXFileReference; lastKnownFileType = wrapper.framework; name = SDWebImageMapKit.framework; path = Carthage/Build/iOS/SDWebImageMapKit.framework; sourceTree = "<group>"; };
		DAC7631224A6F3FF004F8D3C /* MainTabViewController.swift */ = {isa = PBXFileReference; lastKnownFileType = sourcecode.swift; path = MainTabViewController.swift; sourceTree = "<group>"; };
		DAC7631424A6F56C004F8D3C /* HomeViewController.swift */ = {isa = PBXFileReference; lastKnownFileType = sourcecode.swift; path = HomeViewController.swift; sourceTree = "<group>"; };
		DAC7631724A6F692004F8D3C /* Extentions.swift */ = {isa = PBXFileReference; lastKnownFileType = sourcecode.swift; path = Extentions.swift; sourceTree = "<group>"; };
		DAC7631924A6FC72004F8D3C /* Main.Storyboard */ = {isa = PBXFileReference; lastKnownFileType = file.storyboard; path = Main.Storyboard; sourceTree = "<group>"; };
		FB774044BE5711D4E62E92BB /* MatchingViewController.swift */ = {isa = PBXFileReference; fileEncoding = 4; lastKnownFileType = sourcecode.swift; path = MatchingViewController.swift; sourceTree = "<group>"; };
		FB7740C02065F1293C6CE59F /* LoadingViewController.swift */ = {isa = PBXFileReference; fileEncoding = 4; lastKnownFileType = sourcecode.swift; path = LoadingViewController.swift; sourceTree = "<group>"; };
		FB77419C9055D1B33D334E1B /* WaitingViewController2.swift */ = {isa = PBXFileReference; fileEncoding = 4; lastKnownFileType = sourcecode.swift; path = WaitingViewController2.swift; sourceTree = "<group>"; };
		FB77420B31A720F0CC551176 /* EndPointType.swift */ = {isa = PBXFileReference; fileEncoding = 4; lastKnownFileType = sourcecode.swift; path = EndPointType.swift; sourceTree = "<group>"; };
		FB7742E198A44437FAD5BE85 /* WaitingViewController.swift */ = {isa = PBXFileReference; fileEncoding = 4; lastKnownFileType = sourcecode.swift; path = WaitingViewController.swift; sourceTree = "<group>"; };
		FB7743974F92A24732FF46E2 /* EditProfileHeader.swift */ = {isa = PBXFileReference; fileEncoding = 4; lastKnownFileType = sourcecode.swift; path = EditProfileHeader.swift; sourceTree = "<group>"; };
		FB774455DDD111C30A2FED11 /* APIClient.swift */ = {isa = PBXFileReference; fileEncoding = 4; lastKnownFileType = sourcecode.swift; path = APIClient.swift; sourceTree = "<group>"; };
		FB77449795378FC4D03F824C /* MyPageViewController.swift */ = {isa = PBXFileReference; fileEncoding = 4; lastKnownFileType = sourcecode.swift; path = MyPageViewController.swift; sourceTree = "<group>"; };
		FB774793248D8F273E09CD26 /* User.swift */ = {isa = PBXFileReference; fileEncoding = 4; lastKnownFileType = sourcecode.swift; path = User.swift; sourceTree = "<group>"; };
		FB774862755D9EE2C052F431 /* EditProfileViewModel.swift */ = {isa = PBXFileReference; fileEncoding = 4; lastKnownFileType = sourcecode.swift; path = EditProfileViewModel.swift; sourceTree = "<group>"; };
		FB77489F8AA7C42F94606762 /* EditProfileFooter.swift */ = {isa = PBXFileReference; fileEncoding = 4; lastKnownFileType = sourcecode.swift; path = EditProfileFooter.swift; sourceTree = "<group>"; };
		FB77494104FD2C1D1C000675 /* ResultViewController.swift */ = {isa = PBXFileReference; fileEncoding = 4; lastKnownFileType = sourcecode.swift; path = ResultViewController.swift; sourceTree = "<group>"; };
		FB77495F3BFE6A9552BEAA38 /* EdtiProfileController.swift */ = {isa = PBXFileReference; fileEncoding = 4; lastKnownFileType = sourcecode.swift; path = EdtiProfileController.swift; sourceTree = "<group>"; };
		FB774963DAA2FCFE41636803 /* EditProfileCell.swift */ = {isa = PBXFileReference; fileEncoding = 4; lastKnownFileType = sourcecode.swift; path = EditProfileCell.swift; sourceTree = "<group>"; };
		FB774C779F062BFBAB840999 /* ReviewViewController.swift */ = {isa = PBXFileReference; fileEncoding = 4; lastKnownFileType = sourcecode.swift; path = ReviewViewController.swift; sourceTree = "<group>"; };
		FB774D9E6FBAB01626681FFC /* TimeupViewController.swift */ = {isa = PBXFileReference; fileEncoding = 4; lastKnownFileType = sourcecode.swift; path = TimeupViewController.swift; sourceTree = "<group>"; };
		FB774DC38896D6CC820369A4 /* InputTextView.swift */ = {isa = PBXFileReference; fileEncoding = 4; lastKnownFileType = sourcecode.swift; path = InputTextView.swift; sourceTree = "<group>"; };
/* End PBXFileReference section */

/* Begin PBXFrameworksBuildPhase section */
		11CDD8FE24A6DF4D006EDEBB /* Frameworks */ = {
			isa = PBXFrameworksBuildPhase;
			buildActionMask = 2147483647;
			files = (
				11CDD91C24A6E44A006EDEBB /* SDWebImageMapKit.framework in Frameworks */,
				11CBC2E224A7ED71007CC5E3 /* Starscream.framework in Frameworks */,
				11CBC2DE24A7ED63007CC5E3 /* Alamofire.framework in Frameworks */,
				11CDD91A24A6E43C006EDEBB /* SDWebImage.framework in Frameworks */,
			);
			runOnlyForDeploymentPostprocessing = 0;
		};
/* End PBXFrameworksBuildPhase section */

/* Begin PBXGroup section */
		119BCE7024A718AC00C10D2E /* View */ = {
			isa = PBXGroup;
			children = (
				FB774DC38896D6CC820369A4 /* InputTextView.swift */,
				FB77489F8AA7C42F94606762 /* EditProfileFooter.swift */,
				FB774963DAA2FCFE41636803 /* EditProfileCell.swift */,
				FB7743974F92A24732FF46E2 /* EditProfileHeader.swift */,
			);
			path = View;
			sourceTree = "<group>";
		};
		11CBC2DC24A7EBA8007CC5E3 /* API */ = {
			isa = PBXGroup;
			children = (
				FB774455DDD111C30A2FED11 /* APIClient.swift */,
				FB77420B31A720F0CC551176 /* EndPointType.swift */,
			);
			path = API;
			sourceTree = "<group>";
		};
		11CDD8F824A6DF4D006EDEBB = {
			isa = PBXGroup;
			children = (
				11CDD90324A6DF4D006EDEBB /* hackathon_2020_b_ios */,
				11CDD90224A6DF4D006EDEBB /* Products */,
				11CDD91824A6E43C006EDEBB /* Frameworks */,
			);
			sourceTree = "<group>";
		};
		11CDD90224A6DF4D006EDEBB /* Products */ = {
			isa = PBXGroup;
			children = (
				11CDD90124A6DF4D006EDEBB /* hackathon_2020_b_ios.app */,
			);
			name = Products;
			sourceTree = "<group>";
		};
		11CDD90324A6DF4D006EDEBB /* hackathon_2020_b_ios */ = {
			isa = PBXGroup;
			children = (
				11CBC2DC24A7EBA8007CC5E3 /* API */,
				119BCE7024A718AC00C10D2E /* View */,
				DAC7631624A6F686004F8D3C /* Utilities */,
				DAC7631124A6F3D2004F8D3C /* ViewModel */,
				11CDD90424A6DF4D006EDEBB /* AppDelegate.swift */,
				11CDD90624A6DF4D006EDEBB /* SceneDelegate.swift */,
				11CDD90824A6DF4D006EDEBB /* ViewController.swift */,
				11CDD90D24A6DF4E006EDEBB /* Assets.xcassets */,
				11CDD90F24A6DF4E006EDEBB /* LaunchScreen.storyboard */,
				11CDD91224A6DF4E006EDEBB /* Info.plist */,
				DAC7631924A6FC72004F8D3C /* Main.Storyboard */,
				FB77467265D0ADC0EBF91170 /* Model */,
			);
			path = hackathon_2020_b_ios;
			sourceTree = "<group>";
		};
		11CDD91824A6E43C006EDEBB /* Frameworks */ = {
			isa = PBXGroup;
			children = (
				11CBC2E124A7ED71007CC5E3 /* Starscream.framework */,
				11CBC2DD24A7ED63007CC5E3 /* Alamofire.framework */,
				11CDD91B24A6E44A006EDEBB /* SDWebImageMapKit.framework */,
				11CDD91924A6E43C006EDEBB /* SDWebImage.framework */,
			);
			name = Frameworks;
			sourceTree = "<group>";
		};
		DAC7631124A6F3D2004F8D3C /* ViewModel */ = {
			isa = PBXGroup;
			children = (
				DAC7631224A6F3FF004F8D3C /* MainTabViewController.swift */,
				DAC7631424A6F56C004F8D3C /* HomeViewController.swift */,
				FB7740C02065F1293C6CE59F /* LoadingViewController.swift */,
				FB77495F3BFE6A9552BEAA38 /* EdtiProfileController.swift */,
				FB77449795378FC4D03F824C /* MyPageViewController.swift */,
				FB774862755D9EE2C052F431 /* EditProfileViewModel.swift */,
				FB7742E198A44437FAD5BE85 /* WaitingViewController.swift */,
				FB774044BE5711D4E62E92BB /* MatchingViewController.swift */,
				FB774D9E6FBAB01626681FFC /* TimeupViewController.swift */,
				11CBC2E424A81B15007CC5E3 /* CountDownViewController.swift */,
				FB774C779F062BFBAB840999 /* ReviewViewController.swift */,
				FB77419C9055D1B33D334E1B /* WaitingViewController2.swift */,
				FB77494104FD2C1D1C000675 /* ResultViewController.swift */,
			);
			path = ViewModel;
			sourceTree = "<group>";
		};
		DAC7631624A6F686004F8D3C /* Utilities */ = {
			isa = PBXGroup;
			children = (
				DAC7631724A6F692004F8D3C /* Extentions.swift */,
			);
			path = Utilities;
			sourceTree = "<group>";
		};
		FB77467265D0ADC0EBF91170 /* Model */ = {
			isa = PBXGroup;
			children = (
				FB774793248D8F273E09CD26 /* User.swift */,
			);
			path = Model;
			sourceTree = "<group>";
		};
/* End PBXGroup section */

/* Begin PBXNativeTarget section */
		11CDD90024A6DF4D006EDEBB /* hackathon_2020_b_ios */ = {
			isa = PBXNativeTarget;
			buildConfigurationList = 11CDD91524A6DF4E006EDEBB /* Build configuration list for PBXNativeTarget "hackathon_2020_b_ios" */;
			buildPhases = (
				11CDD8FD24A6DF4D006EDEBB /* Sources */,
				11CDD8FE24A6DF4D006EDEBB /* Frameworks */,
				11CDD8FF24A6DF4D006EDEBB /* Resources */,
				11CDD91D24A6E47B006EDEBB /* ShellScript */,
				11CBC2E024A7ED63007CC5E3 /* Embed Frameworks */,
			);
			buildRules = (
			);
			dependencies = (
			);
			name = hackathon_2020_b_ios;
			productName = hackathon_2020_b_ios;
			productReference = 11CDD90124A6DF4D006EDEBB /* hackathon_2020_b_ios.app */;
			productType = "com.apple.product-type.application";
		};
/* End PBXNativeTarget section */

/* Begin PBXProject section */
		11CDD8F924A6DF4D006EDEBB /* Project object */ = {
			isa = PBXProject;
			attributes = {
				LastSwiftUpdateCheck = 1150;
				LastUpgradeCheck = 1150;
				ORGANIZATIONNAME = "Yoshiki Tachi";
				TargetAttributes = {
					11CDD90024A6DF4D006EDEBB = {
						CreatedOnToolsVersion = 11.5;
					};
				};
			};
			buildConfigurationList = 11CDD8FC24A6DF4D006EDEBB /* Build configuration list for PBXProject "hackathon_2020_b_ios" */;
			compatibilityVersion = "Xcode 9.3";
			developmentRegion = en;
			hasScannedForEncodings = 0;
			knownRegions = (
				en,
				Base,
			);
			mainGroup = 11CDD8F824A6DF4D006EDEBB;
			productRefGroup = 11CDD90224A6DF4D006EDEBB /* Products */;
			projectDirPath = "";
			projectRoot = "";
			targets = (
				11CDD90024A6DF4D006EDEBB /* hackathon_2020_b_ios */,
			);
		};
/* End PBXProject section */

/* Begin PBXResourcesBuildPhase section */
		11CDD8FF24A6DF4D006EDEBB /* Resources */ = {
			isa = PBXResourcesBuildPhase;
			buildActionMask = 2147483647;
			files = (
				DAC7631A24A6FC72004F8D3C /* Main.Storyboard in Resources */,
				11CDD91124A6DF4E006EDEBB /* LaunchScreen.storyboard in Resources */,
				11CDD90E24A6DF4E006EDEBB /* Assets.xcassets in Resources */,
			);
			runOnlyForDeploymentPostprocessing = 0;
		};
/* End PBXResourcesBuildPhase section */

/* Begin PBXShellScriptBuildPhase section */
		11CDD91D24A6E47B006EDEBB /* ShellScript */ = {
			isa = PBXShellScriptBuildPhase;
			buildActionMask = 2147483647;
			files = (
			);
			inputFileListPaths = (
			);
			inputPaths = (
				"$(SRCROOT)/Carthage/Build/iOS/SDWebImage.framework",
				"$(SRCROOT)/Carthage/Build/iOS/SDWebImageMapKit.framework",
			);
			outputFileListPaths = (
			);
			outputPaths = (
			);
			runOnlyForDeploymentPostprocessing = 0;
			shellPath = /bin/sh;
			shellScript = "/usr/local/bin/carthage copy-frameworks\n";
		};
/* End PBXShellScriptBuildPhase section */

/* Begin PBXSourcesBuildPhase section */
		11CDD8FD24A6DF4D006EDEBB /* Sources */ = {
			isa = PBXSourcesBuildPhase;
			buildActionMask = 2147483647;
			files = (
				DAC7631524A6F56C004F8D3C /* HomeViewController.swift in Sources */,
				DAC7631824A6F692004F8D3C /* Extentions.swift in Sources */,
				11CDD90924A6DF4D006EDEBB /* ViewController.swift in Sources */,
				DAC7631324A6F3FF004F8D3C /* MainTabViewController.swift in Sources */,
				11CDD90524A6DF4D006EDEBB /* AppDelegate.swift in Sources */,
				11CDD90724A6DF4D006EDEBB /* SceneDelegate.swift in Sources */,
				11CBC2E524A81B15007CC5E3 /* CountDownViewController.swift in Sources */,
				FB77465CD425B63CE21AE76B /* LoadingViewController.swift in Sources */,
				FB7749EA6F0E583BDA7C02DD /* EdtiProfileController.swift in Sources */,
				FB774D1BE3DEB5F2ACCB8512 /* MyPageViewController.swift in Sources */,
				FB774AFA2D0BAC259588A638 /* InputTextView.swift in Sources */,
				FB7745CBF014D01AA2F81C0B /* EditProfileFooter.swift in Sources */,
				FB774CA579CBB76429E87B4C /* EditProfileCell.swift in Sources */,
				FB774C04F34DB6AED996153A /* EditProfileHeader.swift in Sources */,
				FB7740AF2DCDF70301F65704 /* User.swift in Sources */,
				FB7748695FEC87D307834CBA /* EditProfileViewModel.swift in Sources */,
				FB774CB007E3C789401A67F6 /* WaitingViewController.swift in Sources */,
				FB774953E1F52D578D2D3B25 /* MatchingViewController.swift in Sources */,
				FB7746471D2934E221B375CB /* TimeupViewController.swift in Sources */,
				FB774CACA99DED87E92658B3 /* APIClient.swift in Sources */,
				FB7743F1ADFD7984F6CA8E23 /* EndPointType.swift in Sources */,
				FB774309490C1A4477787151 /* ReviewViewController.swift in Sources */,
				FB774773110DD04C8AC01DA9 /* WaitingViewController2.swift in Sources */,
				FB77468667307093BDF527AB /* ResultViewController.swift in Sources */,
			);
			runOnlyForDeploymentPostprocessing = 0;
		};
/* End PBXSourcesBuildPhase section */

/* Begin PBXVariantGroup section */
		11CDD90F24A6DF4E006EDEBB /* LaunchScreen.storyboard */ = {
			isa = PBXVariantGroup;
			children = (
				11CDD91024A6DF4E006EDEBB /* Base */,
			);
			name = LaunchScreen.storyboard;
			sourceTree = "<group>";
		};
/* End PBXVariantGroup section */

/* Begin XCBuildConfiguration section */
		11CDD91324A6DF4E006EDEBB /* Debug */ = {
			isa = XCBuildConfiguration;
			buildSettings = {
				ALWAYS_SEARCH_USER_PATHS = NO;
				CLANG_ANALYZER_NONNULL = YES;
				CLANG_ANALYZER_NUMBER_OBJECT_CONVERSION = YES_AGGRESSIVE;
				CLANG_CXX_LANGUAGE_STANDARD = "gnu++14";
				CLANG_CXX_LIBRARY = "libc++";
				CLANG_ENABLE_MODULES = YES;
				CLANG_ENABLE_OBJC_ARC = YES;
				CLANG_ENABLE_OBJC_WEAK = YES;
				CLANG_WARN_BLOCK_CAPTURE_AUTORELEASING = YES;
				CLANG_WARN_BOOL_CONVERSION = YES;
				CLANG_WARN_COMMA = YES;
				CLANG_WARN_CONSTANT_CONVERSION = YES;
				CLANG_WARN_DEPRECATED_OBJC_IMPLEMENTATIONS = YES;
				CLANG_WARN_DIRECT_OBJC_ISA_USAGE = YES_ERROR;
				CLANG_WARN_DOCUMENTATION_COMMENTS = YES;
				CLANG_WARN_EMPTY_BODY = YES;
				CLANG_WARN_ENUM_CONVERSION = YES;
				CLANG_WARN_INFINITE_RECURSION = YES;
				CLANG_WARN_INT_CONVERSION = YES;
				CLANG_WARN_NON_LITERAL_NULL_CONVERSION = YES;
				CLANG_WARN_OBJC_IMPLICIT_RETAIN_SELF = YES;
				CLANG_WARN_OBJC_LITERAL_CONVERSION = YES;
				CLANG_WARN_OBJC_ROOT_CLASS = YES_ERROR;
				CLANG_WARN_RANGE_LOOP_ANALYSIS = YES;
				CLANG_WARN_STRICT_PROTOTYPES = YES;
				CLANG_WARN_SUSPICIOUS_MOVE = YES;
				CLANG_WARN_UNGUARDED_AVAILABILITY = YES_AGGRESSIVE;
				CLANG_WARN_UNREACHABLE_CODE = YES;
				CLANG_WARN__DUPLICATE_METHOD_MATCH = YES;
				COPY_PHASE_STRIP = NO;
				DEBUG_INFORMATION_FORMAT = dwarf;
				ENABLE_STRICT_OBJC_MSGSEND = YES;
				ENABLE_TESTABILITY = YES;
				GCC_C_LANGUAGE_STANDARD = gnu11;
				GCC_DYNAMIC_NO_PIC = NO;
				GCC_NO_COMMON_BLOCKS = YES;
				GCC_OPTIMIZATION_LEVEL = 0;
				GCC_PREPROCESSOR_DEFINITIONS = (
					"DEBUG=1",
					"$(inherited)",
				);
				GCC_WARN_64_TO_32_BIT_CONVERSION = YES;
				GCC_WARN_ABOUT_RETURN_TYPE = YES_ERROR;
				GCC_WARN_UNDECLARED_SELECTOR = YES;
				GCC_WARN_UNINITIALIZED_AUTOS = YES_AGGRESSIVE;
				GCC_WARN_UNUSED_FUNCTION = YES;
				GCC_WARN_UNUSED_VARIABLE = YES;
				IPHONEOS_DEPLOYMENT_TARGET = 13.5;
				MTL_ENABLE_DEBUG_INFO = INCLUDE_SOURCE;
				MTL_FAST_MATH = YES;
				ONLY_ACTIVE_ARCH = YES;
				SDKROOT = iphoneos;
				SWIFT_ACTIVE_COMPILATION_CONDITIONS = DEBUG;
				SWIFT_OPTIMIZATION_LEVEL = "-Onone";
			};
			name = Debug;
		};
		11CDD91424A6DF4E006EDEBB /* Release */ = {
			isa = XCBuildConfiguration;
			buildSettings = {
				ALWAYS_SEARCH_USER_PATHS = NO;
				CLANG_ANALYZER_NONNULL = YES;
				CLANG_ANALYZER_NUMBER_OBJECT_CONVERSION = YES_AGGRESSIVE;
				CLANG_CXX_LANGUAGE_STANDARD = "gnu++14";
				CLANG_CXX_LIBRARY = "libc++";
				CLANG_ENABLE_MODULES = YES;
				CLANG_ENABLE_OBJC_ARC = YES;
				CLANG_ENABLE_OBJC_WEAK = YES;
				CLANG_WARN_BLOCK_CAPTURE_AUTORELEASING = YES;
				CLANG_WARN_BOOL_CONVERSION = YES;
				CLANG_WARN_COMMA = YES;
				CLANG_WARN_CONSTANT_CONVERSION = YES;
				CLANG_WARN_DEPRECATED_OBJC_IMPLEMENTATIONS = YES;
				CLANG_WARN_DIRECT_OBJC_ISA_USAGE = YES_ERROR;
				CLANG_WARN_DOCUMENTATION_COMMENTS = YES;
				CLANG_WARN_EMPTY_BODY = YES;
				CLANG_WARN_ENUM_CONVERSION = YES;
				CLANG_WARN_INFINITE_RECURSION = YES;
				CLANG_WARN_INT_CONVERSION = YES;
				CLANG_WARN_NON_LITERAL_NULL_CONVERSION = YES;
				CLANG_WARN_OBJC_IMPLICIT_RETAIN_SELF = YES;
				CLANG_WARN_OBJC_LITERAL_CONVERSION = YES;
				CLANG_WARN_OBJC_ROOT_CLASS = YES_ERROR;
				CLANG_WARN_RANGE_LOOP_ANALYSIS = YES;
				CLANG_WARN_STRICT_PROTOTYPES = YES;
				CLANG_WARN_SUSPICIOUS_MOVE = YES;
				CLANG_WARN_UNGUARDED_AVAILABILITY = YES_AGGRESSIVE;
				CLANG_WARN_UNREACHABLE_CODE = YES;
				CLANG_WARN__DUPLICATE_METHOD_MATCH = YES;
				COPY_PHASE_STRIP = NO;
				DEBUG_INFORMATION_FORMAT = "dwarf-with-dsym";
				ENABLE_NS_ASSERTIONS = NO;
				ENABLE_STRICT_OBJC_MSGSEND = YES;
				GCC_C_LANGUAGE_STANDARD = gnu11;
				GCC_NO_COMMON_BLOCKS = YES;
				GCC_WARN_64_TO_32_BIT_CONVERSION = YES;
				GCC_WARN_ABOUT_RETURN_TYPE = YES_ERROR;
				GCC_WARN_UNDECLARED_SELECTOR = YES;
				GCC_WARN_UNINITIALIZED_AUTOS = YES_AGGRESSIVE;
				GCC_WARN_UNUSED_FUNCTION = YES;
				GCC_WARN_UNUSED_VARIABLE = YES;
				IPHONEOS_DEPLOYMENT_TARGET = 13.5;
				MTL_ENABLE_DEBUG_INFO = NO;
				MTL_FAST_MATH = YES;
				SDKROOT = iphoneos;
				SWIFT_COMPILATION_MODE = wholemodule;
				SWIFT_OPTIMIZATION_LEVEL = "-O";
				VALIDATE_PRODUCT = YES;
			};
			name = Release;
		};
		11CDD91624A6DF4E006EDEBB /* Debug */ = {
			isa = XCBuildConfiguration;
			buildSettings = {
				ASSETCATALOG_COMPILER_APPICON_NAME = AppIcon;
				CODE_SIGN_STYLE = Automatic;
				FRAMEWORK_SEARCH_PATHS = (
					"$(inherited)",
					"$(PROJECT_DIR)/Carthage/Build/iOS",
				);
				INFOPLIST_FILE = hackathon_2020_b_ios/Info.plist;
				LD_RUNPATH_SEARCH_PATHS = (
					"$(inherited)",
					"@executable_path/Frameworks",
				);
				PRODUCT_BUNDLE_IDENTIFIER = "tiking.hackathon-2020-b-ios";
				PRODUCT_NAME = "$(TARGET_NAME)";
				SWIFT_VERSION = 5.0;
				TARGETED_DEVICE_FAMILY = "1,2";
			};
			name = Debug;
		};
		11CDD91724A6DF4E006EDEBB /* Release */ = {
			isa = XCBuildConfiguration;
			buildSettings = {
				ASSETCATALOG_COMPILER_APPICON_NAME = AppIcon;
				CODE_SIGN_STYLE = Automatic;
				FRAMEWORK_SEARCH_PATHS = (
					"$(inherited)",
					"$(PROJECT_DIR)/Carthage/Build/iOS",
				);
				INFOPLIST_FILE = hackathon_2020_b_ios/Info.plist;
				LD_RUNPATH_SEARCH_PATHS = (
					"$(inherited)",
					"@executable_path/Frameworks",
				);
				PRODUCT_BUNDLE_IDENTIFIER = "tiking.hackathon-2020-b-ios";
				PRODUCT_NAME = "$(TARGET_NAME)";
				SWIFT_VERSION = 5.0;
				TARGETED_DEVICE_FAMILY = "1,2";
			};
			name = Release;
		};
/* End XCBuildConfiguration section */

/* Begin XCConfigurationList section */
		11CDD8FC24A6DF4D006EDEBB /* Build configuration list for PBXProject "hackathon_2020_b_ios" */ = {
			isa = XCConfigurationList;
			buildConfigurations = (
				11CDD91324A6DF4E006EDEBB /* Debug */,
				11CDD91424A6DF4E006EDEBB /* Release */,
			);
			defaultConfigurationIsVisible = 0;
			defaultConfigurationName = Release;
		};
		11CDD91524A6DF4E006EDEBB /* Build configuration list for PBXNativeTarget "hackathon_2020_b_ios" */ = {
			isa = XCConfigurationList;
			buildConfigurations = (
				11CDD91624A6DF4E006EDEBB /* Debug */,
				11CDD91724A6DF4E006EDEBB /* Release */,
			);
			defaultConfigurationIsVisible = 0;
			defaultConfigurationName = Release;
		};
/* End XCConfigurationList section */
	};
	rootObject = 11CDD8F924A6DF4D006EDEBB /* Project object */;
}
